// !$*UTF8*$!
{
	archiveVersion = 1;
	classes = {
	};
	objectVersion = 46;
	objects = {

/* Begin PBXBuildFile section */
		F1AC75CF1AFBFDBF00592C21 /* TOMGooglePlaces.h in CopyFiles */ = {isa = PBXBuildFile; fileRef = F1AC75CE1AFBFDBF00592C21 /* TOMGooglePlaces.h */; };
		F1AC75D11AFBFDBF00592C21 /* TOMGooglePlaces.m in Sources */ = {isa = PBXBuildFile; fileRef = F1AC75D01AFBFDBF00592C21 /* TOMGooglePlaces.m */; };
		F1AC75D71AFBFDBF00592C21 /* libTOMGooglePlaces.a in Frameworks */ = {isa = PBXBuildFile; fileRef = F1AC75CB1AFBFDBF00592C21 /* libTOMGooglePlaces.a */; };
/* End PBXBuildFile section */

/* Begin PBXContainerItemProxy section */
		F1AC75D81AFBFDBF00592C21 /* PBXContainerItemProxy */ = {
			isa = PBXContainerItemProxy;
			containerPortal = F1AC75C31AFBFDBF00592C21 /* Project object */;
			proxyType = 1;
			remoteGlobalIDString = F1AC75CA1AFBFDBF00592C21;
			remoteInfo = TOMGooglePlaces;
		};
/* End PBXContainerItemProxy section */

/* Begin PBXCopyFilesBuildPhase section */
		F1AC75C91AFBFDBF00592C21 /* CopyFiles */ = {
			isa = PBXCopyFilesBuildPhase;
			buildActionMask = 2147483647;
			dstPath = "include/$(PRODUCT_NAME)";
			dstSubfolderSpec = 16;
			files = (
				F1AC75CF1AFBFDBF00592C21 /* TOMGooglePlaces.h in CopyFiles */,
			);
			runOnlyForDeploymentPostprocessing = 0;
		};
/* End PBXCopyFilesBuildPhase section */

/* Begin PBXFileReference section */
		F1AC75CB1AFBFDBF00592C21 /* libTOMGooglePlaces.a */ = {isa = PBXFileReference; explicitFileType = archive.ar; includeInIndex = 0; path = libTOMGooglePlaces.a; sourceTree = BUILT_PRODUCTS_DIR; };
		F1AC75CE1AFBFDBF00592C21 /* TOMGooglePlaces.h */ = {isa = PBXFileReference; lastKnownFileType = sourcecode.c.h; path = TOMGooglePlaces.h; sourceTree = "<group>"; };
		F1AC75D01AFBFDBF00592C21 /* TOMGooglePlaces.m */ = {isa = PBXFileReference; lastKnownFileType = sourcecode.c.objc; path = TOMGooglePlaces.m; sourceTree = "<group>"; };
		F1AC75D61AFBFDBF00592C21 /* TOMGooglePlacesTests.xctest */ = {isa = PBXFileReference; explicitFileType = wrapper.cfbundle; includeInIndex = 0; path = TOMGooglePlacesTests.xctest; sourceTree = BUILT_PRODUCTS_DIR; };
		F1AC75DC1AFBFDBF00592C21 /* Info.plist */ = {isa = PBXFileReference; lastKnownFileType = text.plist.xml; path = Info.plist; sourceTree = "<group>"; };
/* End PBXFileReference section */

/* Begin PBXFrameworksBuildPhase section */
		F1AC75C81AFBFDBF00592C21 /* Frameworks */ = {
			isa = PBXFrameworksBuildPhase;
			buildActionMask = 2147483647;
			files = (
			);
			runOnlyForDeploymentPostprocessing = 0;
		};
		F1AC75D31AFBFDBF00592C21 /* Frameworks */ = {
			isa = PBXFrameworksBuildPhase;
			buildActionMask = 2147483647;
			files = (
				F1AC75D71AFBFDBF00592C21 /* libTOMGooglePlaces.a in Frameworks */,
			);
			runOnlyForDeploymentPostprocessing = 0;
		};
/* End PBXFrameworksBuildPhase section */

/* Begin PBXGroup section */
		F1AC75C21AFBFDBF00592C21 = {
			isa = PBXGroup;
			children = (
				F1AC75CD1AFBFDBF00592C21 /* TOMGooglePlaces */,
				F1AC75DA1AFBFDBF00592C21 /* TOMGooglePlacesTests */,
				F1AC75CC1AFBFDBF00592C21 /* Products */,
			);
			sourceTree = "<group>";
		};
		F1AC75CC1AFBFDBF00592C21 /* Products */ = {
			isa = PBXGroup;
			children = (
				F1AC75CB1AFBFDBF00592C21 /* libTOMGooglePlaces.a */,
				F1AC75D61AFBFDBF00592C21 /* TOMGooglePlacesTests.xctest */,
			);
			name = Products;
			sourceTree = "<group>";
		};
		F1AC75CD1AFBFDBF00592C21 /* TOMGooglePlaces */ = {
			isa = PBXGroup;
			children = (
				F1AC75CE1AFBFDBF00592C21 /* TOMGooglePlaces.h */,
				F1AC75D01AFBFDBF00592C21 /* TOMGooglePlaces.m */,
			);
			path = TOMGooglePlaces;
			sourceTree = "<group>";
		};
		F1AC75DA1AFBFDBF00592C21 /* TOMGooglePlacesTests */ = {
			isa = PBXGroup;
			children = (
				F1AC75DB1AFBFDBF00592C21 /* Supporting Files */,
			);
			path = TOMGooglePlacesTests;
			sourceTree = "<group>";
		};
		F1AC75DB1AFBFDBF00592C21 /* Supporting Files */ = {
			isa = PBXGroup;
			children = (
				F1AC75DC1AFBFDBF00592C21 /* Info.plist */,
			);
			name = "Supporting Files";
			sourceTree = "<group>";
		};
/* End PBXGroup section */

/* Begin PBXNativeTarget section */
		F1AC75CA1AFBFDBF00592C21 /* TOMGooglePlaces */ = {
			isa = PBXNativeTarget;
			buildConfigurationList = F1AC75DF1AFBFDBF00592C21 /* Build configuration list for PBXNativeTarget "TOMGooglePlaces" */;
			buildPhases = (
				F1AC75C71AFBFDBF00592C21 /* Sources */,
				F1AC75C81AFBFDBF00592C21 /* Frameworks */,
				F1AC75C91AFBFDBF00592C21 /* CopyFiles */,
			);
			buildRules = (
			);
			dependencies = (
			);
			name = TOMGooglePlaces;
			productName = TOMGooglePlaces;
			productReference = F1AC75CB1AFBFDBF00592C21 /* libTOMGooglePlaces.a */;
			productType = "com.apple.product-type.library.static";
		};
		F1AC75D51AFBFDBF00592C21 /* TOMGooglePlacesTests */ = {
			isa = PBXNativeTarget;
			buildConfigurationList = F1AC75E21AFBFDBF00592C21 /* Build configuration list for PBXNativeTarget "TOMGooglePlacesTests" */;
			buildPhases = (
				F1AC75D21AFBFDBF00592C21 /* Sources */,
				F1AC75D31AFBFDBF00592C21 /* Frameworks */,
				F1AC75D41AFBFDBF00592C21 /* Resources */,
			);
			buildRules = (
			);
			dependencies = (
				F1AC75D91AFBFDBF00592C21 /* PBXTargetDependency */,
			);
			name = TOMGooglePlacesTests;
			productName = TOMGooglePlacesTests;
			productReference = F1AC75D61AFBFDBF00592C21 /* TOMGooglePlacesTests.xctest */;
			productType = "com.apple.product-type.bundle.unit-test";
		};
/* End PBXNativeTarget section */

/* Begin PBXProject section */
		F1AC75C31AFBFDBF00592C21 /* Project object */ = {
			isa = PBXProject;
			attributes = {
				LastUpgradeCheck = 0630;
				ORGANIZATIONNAME = "Tom Corwine";
				TargetAttributes = {
					F1AC75CA1AFBFDBF00592C21 = {
						CreatedOnToolsVersion = 6.3;
					};
					F1AC75D51AFBFDBF00592C21 = {
						CreatedOnToolsVersion = 6.3;
					};
				};
			};
			buildConfigurationList = F1AC75C61AFBFDBF00592C21 /* Build configuration list for PBXProject "TOMGooglePlaces" */;
			compatibilityVersion = "Xcode 3.2";
			developmentRegion = English;
			hasScannedForEncodings = 0;
			knownRegions = (
				en,
			);
			mainGroup = F1AC75C21AFBFDBF00592C21;
			productRefGroup = F1AC75CC1AFBFDBF00592C21 /* Products */;
			projectDirPath = "";
			projectRoot = "";
			targets = (
				F1AC75CA1AFBFDBF00592C21 /* TOMGooglePlaces */,
				F1AC75D51AFBFDBF00592C21 /* TOMGooglePlacesTests */,
			);
		};
/* End PBXProject section */

/* Begin PBXResourcesBuildPhase section */
		F1AC75D41AFBFDBF00592C21 /* Resources */ = {
			isa = PBXResourcesBuildPhase;
			buildActionMask = 2147483647;
			files = (
			);
			runOnlyForDeploymentPostprocessing = 0;
		};
/* End PBXResourcesBuildPhase section */

/* Begin PBXSourcesBuildPhase section */
		F1AC75C71AFBFDBF00592C21 /* Sources */ = {
			isa = PBXSourcesBuildPhase;
			buildActionMask = 2147483647;
			files = (
				F1AC75D11AFBFDBF00592C21 /* TOMGooglePlaces.m in Sources */,
			);
			runOnlyForDeploymentPostprocessing = 0;
		};
		F1AC75D21AFBFDBF00592C21 /* Sources */ = {
			isa = PBXSourcesBuildPhase;
			buildActionMask = 2147483647;
			files = (
			);
			runOnlyForDeploymentPostprocessing = 0;
		};
/* End PBXSourcesBuildPhase section */

/* Begin PBXTargetDependency section */
		F1AC75D91AFBFDBF00592C21 /* PBXTargetDependency */ = {
			isa = PBXTargetDependency;
			target = F1AC75CA1AFBFDBF00592C21 /* TOMGooglePlaces */;
			targetProxy = F1AC75D81AFBFDBF00592C21 /* PBXContainerItemProxy */;
		};
/* End PBXTargetDependency section */

/* Begin XCBuildConfiguration section */
		F1AC75DD1AFBFDBF00592C21 /* Debug */ = {
			isa = XCBuildConfiguration;
			buildSettings = {
				ALWAYS_SEARCH_USER_PATHS = NO;
				CLANG_CXX_LANGUAGE_STANDARD = "gnu++0x";
				CLANG_CXX_LIBRARY = "libc++";
				CLANG_ENABLE_MODULES = YES;
				CLANG_ENABLE_OBJC_ARC = YES;
				CLANG_WARN_BOOL_CONVERSION = YES;
				CLANG_WARN_CONSTANT_CONVERSION = YES;
				CLANG_WARN_DIRECT_OBJC_ISA_USAGE = YES_ERROR;
				CLANG_WARN_EMPTY_BODY = YES;
				CLANG_WARN_ENUM_CONVERSION = YES;
				CLANG_WARN_INT_CONVERSION = YES;
				CLANG_WARN_OBJC_ROOT_CLASS = YES_ERROR;
				CLANG_WARN_UNREACHABLE_CODE = YES;
				CLANG_WARN__DUPLICATE_METHOD_MATCH = YES;
				COPY_PHASE_STRIP = NO;
				DEBUG_INFORMATION_FORMAT = "dwarf-with-dsym";
				ENABLE_STRICT_OBJC_MSGSEND = YES;
				GCC_C_LANGUAGE_STANDARD = gnu99;
				GCC_DYNAMIC_NO_PIC = NO;
				GCC_NO_COMMON_BLOCKS = YES;
				GCC_OPTIMIZATION_LEVEL = 0;
				GCC_PREPROCESSOR_DEFINITIONS = (
					"DEBUG=1",
					"$(inherited)",
				);
				GCC_SYMBOLS_PRIVATE_EXTERN = NO;
				GCC_WARN_64_TO_32_BIT_CONVERSION = YES;
				GCC_WARN_ABOUT_RETURN_TYPE = YES_ERROR;
				GCC_WARN_UNDECLARED_SELECTOR = YES;
				GCC_WARN_UNINITIALIZED_AUTOS = YES_AGGRESSIVE;
				GCC_WARN_UNUSED_FUNCTION = YES;
				GCC_WARN_UNUSED_VARIABLE = YES;
				IPHONEOS_DEPLOYMENT_TARGET = 8.3;
				MTL_ENABLE_DEBUG_INFO = YES;
				ONLY_ACTIVE_ARCH = YES;
				SDKROOT = iphoneos;
			};
			name = Debug;
		};
		F1AC75DE1AFBFDBF00592C21 /* Release */ = {
			isa = XCBuildConfiguration;
			buildSettings = {
				ALWAYS_SEARCH_USER_PATHS = NO;
				CLANG_CXX_LANGUAGE_STANDARD = "gnu++0x";
				CLANG_CXX_LIBRARY = "libc++";
				CLANG_ENABLE_MODULES = YES;
				CLANG_ENABLE_OBJC_ARC = YES;
				CLANG_WARN_BOOL_CONVERSION = YES;
				CLANG_WARN_CONSTANT_CONVERSION = YES;
				CLANG_WARN_DIRECT_OBJC_ISA_USAGE = YES_ERROR;
				CLANG_WARN_EMPTY_BODY = YES;
				CLANG_WARN_ENUM_CONVERSION = YES;
				CLANG_WARN_INT_CONVERSION = YES;
				CLANG_WARN_OBJC_ROOT_CLASS = YES_ERROR;
				CLANG_WARN_UNREACHABLE_CODE = YES;
				CLANG_WARN__DUPLICATE_METHOD_MATCH = YES;
				COPY_PHASE_STRIP = NO;
				DEBUG_INFORMATION_FORMAT = "dwarf-with-dsym";
				ENABLE_NS_ASSERTIONS = NO;
				ENABLE_STRICT_OBJC_MSGSEND = YES;
				GCC_C_LANGUAGE_STANDARD = gnu99;
				GCC_NO_COMMON_BLOCKS = YES;
				GCC_WARN_64_TO_32_BIT_CONVERSION = YES;
				GCC_WARN_ABOUT_RETURN_TYPE = YES_ERROR;
				GCC_WARN_UNDECLARED_SELECTOR = YES;
				GCC_WARN_UNINITIALIZED_AUTOS = YES_AGGRESSIVE;
				GCC_WARN_UNUSED_FUNCTION = YES;
				GCC_WARN_UNUSED_VARIABLE = YES;
				IPHONEOS_DEPLOYMENT_TARGET = 8.3;
				MTL_ENABLE_DEBUG_INFO = NO;
				SDKROOT = iphoneos;
				VALIDATE_PRODUCT = YES;
			};
			name = Release;
		};
		F1AC75E01AFBFDBF00592C21 /* Debug */ = {
			isa = XCBuildConfiguration;
			buildSettings = {
				OTHER_LDFLAGS = "-ObjC";
				PRODUCT_NAME = "$(TARGET_NAME)";
				SKIP_INSTALL = YES;
			};
			name = Debug;
		};
		F1AC75E11AFBFDBF00592C21 /* Release */ = {
			isa = XCBuildConfiguration;
			buildSettings = {
				OTHER_LDFLAGS = "-ObjC";
				PRODUCT_NAME = "$(TARGET_NAME)";
				SKIP_INSTALL = YES;
			};
			name = Release;
		};
		F1AC75E31AFBFDBF00592C21 /* Debug */ = {
			isa = XCBuildConfiguration;
			buildSettings = {
				"CODE_SIGN_IDENTITY[sdk=iphoneos*]" = "iPhone Developer";
				FRAMEWORK_SEARCH_PATHS = (
					"$(SDKROOT)/Developer/Library/Frameworks",
					"$(inherited)",
				);
				GCC_PREPROCESSOR_DEFINITIONS = (
					"DEBUG=1",
					"$(inherited)",
				);
				INFOPLIST_FILE = TOMGooglePlacesTests/Info.plist;
				LD_RUNPATH_SEARCH_PATHS = "$(inherited) @executable_path/Frameworks @loader_path/Frameworks";
				PRODUCT_NAME = "$(TARGET_NAME)";
			};
			name = Debug;
		};
		F1AC75E41AFBFDBF00592C21 /* Release */ = {
			isa = XCBuildConfiguration;
			buildSettings = {
				"CODE_SIGN_IDENTITY[sdk=iphoneos*]" = "iPhone Developer";
				FRAMEWORK_SEARCH_PATHS = (
					"$(SDKROOT)/Developer/Library/Frameworks",
					"$(inherited)",
				);
				INFOPLIST_FILE = TOMGooglePlacesTests/Info.plist;
				LD_RUNPATH_SEARCH_PATHS = "$(inherited) @executable_path/Frameworks @loader_path/Frameworks";
				PRODUCT_NAME = "$(TARGET_NAME)";
			};
			name = Release;
		};
/* End XCBuildConfiguration section */

/* Begin XCConfigurationList section */
		F1AC75C61AFBFDBF00592C21 /* Build configuration list for PBXProject "TOMGooglePlaces" */ = {
			isa = XCConfigurationList;
			buildConfigurations = (
				F1AC75DD1AFBFDBF00592C21 /* Debug */,
				F1AC75DE1AFBFDBF00592C21 /* Release */,
			);
			defaultConfigurationIsVisible = 0;
			defaultConfigurationName = Release;
		};
		F1AC75DF1AFBFDBF00592C21 /* Build configuration list for PBXNativeTarget "TOMGooglePlaces" */ = {
			isa = XCConfigurationList;
			buildConfigurations = (
				F1AC75E01AFBFDBF00592C21 /* Debug */,
				F1AC75E11AFBFDBF00592C21 /* Release */,
			);
			defaultConfigurationIsVisible = 0;
		};
		F1AC75E21AFBFDBF00592C21 /* Build configuration list for PBXNativeTarget "TOMGooglePlacesTests" */ = {
			isa = XCConfigurationList;
			buildConfigurations = (
				F1AC75E31AFBFDBF00592C21 /* Debug */,
				F1AC75E41AFBFDBF00592C21 /* Release */,
			);
			defaultConfigurationIsVisible = 0;
		};
/* End XCConfigurationList section */
	};
	rootObject = F1AC75C31AFBFDBF00592C21 /* Project object */;
}
